// !$*UTF8*$!
{
	archiveVersion = 1;
	classes = {
	};
	objectVersion = 50;
	objects = {

/* Begin PBXBuildFile section */
		520FA11820EA2DB60087C2B8 /* Info.plist in Resources */ = {isa = PBXBuildFile; fileRef = 520FA11720EA2DB60087C2B8 /* Info.plist */; };
		522A24F520EA646200D1C272 /* KakaoJoinModule.swift in Sources */ = {isa = PBXBuildFile; fileRef = 522A24F420EA646200D1C272 /* KakaoJoinModule.swift */; };
		522B10CC20E9D1F70002386D /* KakaoOpenSDK.framework in Frameworks */ = {isa = PBXBuildFile; fileRef = 522B10CB20E9D1F70002386D /* KakaoOpenSDK.framework */; };
		522F55DB20F0EA960004A8FE /* SHhomeDetailViewController.swift in Sources */ = {isa = PBXBuildFile; fileRef = 522F55DA20F0EA960004A8FE /* SHhomeDetailViewController.swift */; };
		522F55E220F0F7300004A8FE /* SHcategoryViewController.swift in Sources */ = {isa = PBXBuildFile; fileRef = 522F55E120F0F7300004A8FE /* SHcategoryViewController.swift */; };
		523553E820F3292900BA50DA /* MyRefrigeratorViewController.swift in Sources */ = {isa = PBXBuildFile; fileRef = 523553E720F3292900BA50DA /* MyRefrigeratorViewController.swift */; };
		523553EA20F3313D00BA50DA /* ExdateTableViewCell.swift in Sources */ = {isa = PBXBuildFile; fileRef = 523553E920F3313D00BA50DA /* ExdateTableViewCell.swift */; };
		523553EC20F3314D00BA50DA /* UploadstoreTableViewCell.swift in Sources */ = {isa = PBXBuildFile; fileRef = 523553EB20F3314D00BA50DA /* UploadstoreTableViewCell.swift */; };
		523553EE20F33CA600BA50DA /* ExdateEmptyTableViewCell.swift in Sources */ = {isa = PBXBuildFile; fileRef = 523553ED20F33CA600BA50DA /* ExdateEmptyTableViewCell.swift */; };
		523553F020F3438C00BA50DA /* UploadstoreEmptyTableViewCell.swift in Sources */ = {isa = PBXBuildFile; fileRef = 523553EF20F3438C00BA50DA /* UploadstoreEmptyTableViewCell.swift */; };
		523553F220F3789800BA50DA /* MFregisterViewController.swift in Sources */ = {isa = PBXBuildFile; fileRef = 523553F120F3789800BA50DA /* MFregisterViewController.swift */; };
		523EEE1820F45A3E00A87F9E /* MFregister2ViewController.swift in Sources */ = {isa = PBXBuildFile; fileRef = 523EEE1720F45A3E00A87F9E /* MFregister2ViewController.swift */; };
		523EEE1A20F4877C00A87F9E /* SHtimesaleTableViewCell.swift in Sources */ = {isa = PBXBuildFile; fileRef = 523EEE1920F4877C00A87F9E /* SHtimesaleTableViewCell.swift */; };
		523EEE1C20F489B800A87F9E /* SHtimesaleViewController.swift in Sources */ = {isa = PBXBuildFile; fileRef = 523EEE1B20F489B800A87F9E /* SHtimesaleViewController.swift */; };
		5258A6B820F29372006C696B /* SHhomeDetailTableViewCell.swift in Sources */ = {isa = PBXBuildFile; fileRef = 5258A6B620F29372006C696B /* SHhomeDetailTableViewCell.swift */; };
		525FCB8120EBAE9D0076C378 /* TermViewController.swift in Sources */ = {isa = PBXBuildFile; fileRef = 525FCB8020EBAE9D0076C378 /* TermViewController.swift */; };
		52634A8420EB39D60028A33E /* JoinViewController.swift in Sources */ = {isa = PBXBuildFile; fileRef = 52634A8320EB39D60028A33E /* JoinViewController.swift */; };
		52634A8720EB4C090028A33E /* KakaoJoinViewController.swift in Sources */ = {isa = PBXBuildFile; fileRef = 52634A8620EB4C090028A33E /* KakaoJoinViewController.swift */; };
		52634FE120F5C04E00C0673E /* JoinNM.swift in Sources */ = {isa = PBXBuildFile; fileRef = 52634FE020F5C04E00C0673E /* JoinNM.swift */; };
		52634FE620F5C10300C0673E /* NetworkDelegate.swift in Sources */ = {isa = PBXBuildFile; fileRef = 52634FE520F5C10300C0673E /* NetworkDelegate.swift */; };
		52634FE820F5C2EC00C0673E /* Join.swift in Sources */ = {isa = PBXBuildFile; fileRef = 52634FE720F5C2EC00C0673E /* Join.swift */; };
		52634FEA20F5FA0300C0673E /* SearchAddressNM.swift in Sources */ = {isa = PBXBuildFile; fileRef = 52634FE920F5FA0300C0673E /* SearchAddressNM.swift */; };
		52634FF220F6007900C0673E /* SearchAddress.swift in Sources */ = {isa = PBXBuildFile; fileRef = 52634FEE20F6007900C0673E /* SearchAddress.swift */; };
		52634FF320F6007900C0673E /* Common.swift in Sources */ = {isa = PBXBuildFile; fileRef = 52634FEF20F6007900C0673E /* Common.swift */; };
		52634FF420F6007900C0673E /* Results.swift in Sources */ = {isa = PBXBuildFile; fileRef = 52634FF020F6007900C0673E /* Results.swift */; };
		52634FF520F6007900C0673E /* Juso.swift in Sources */ = {isa = PBXBuildFile; fileRef = 52634FF120F6007900C0673E /* Juso.swift */; };
		52634FF720F6047700C0673E /* SearchAdViewController.swift in Sources */ = {isa = PBXBuildFile; fileRef = 52634FF620F6047700C0673E /* SearchAdViewController.swift */; };
		52634FF920F6049700C0673E /* SearchAdTableViewCell.swift in Sources */ = {isa = PBXBuildFile; fileRef = 52634FF820F6049700C0673E /* SearchAdTableViewCell.swift */; };
		52755B6D20F2C0FD009453A7 /* SHhomeDetailTableViewCell.xib in Resources */ = {isa = PBXBuildFile; fileRef = 52755B6C20F2C0FD009453A7 /* SHhomeDetailTableViewCell.xib */; };
		52755B7520F2D966009453A7 /* SHhomeMenuCollectionViewCell.swift in Sources */ = {isa = PBXBuildFile; fileRef = 52755B7420F2D966009453A7 /* SHhomeMenuCollectionViewCell.swift */; };
		52755B7720F2DF08009453A7 /* SHhomeMenuTableViewCell.swift in Sources */ = {isa = PBXBuildFile; fileRef = 52755B7620F2DF08009453A7 /* SHhomeMenuTableViewCell.swift */; };
		52755B7E20F2FC63009453A7 /* UploadstoreViewController.swift in Sources */ = {isa = PBXBuildFile; fileRef = 52755B7D20F2FC63009453A7 /* UploadstoreViewController.swift */; };
		52755B8020F2FC71009453A7 /* ExdateViewController.swift in Sources */ = {isa = PBXBuildFile; fileRef = 52755B7F20F2FC71009453A7 /* ExdateViewController.swift */; };
		528A516F20F52CF300DB39FC /* SHmarketTableViewCell.swift in Sources */ = {isa = PBXBuildFile; fileRef = 528A516E20F52CF300DB39FC /* SHmarketTableViewCell.swift */; };
		528A517120F52FB300DB39FC /* SHmarketCollectionViewCell.swift in Sources */ = {isa = PBXBuildFile; fileRef = 528A517020F52FB300DB39FC /* SHmarketCollectionViewCell.swift */; };
		528A517620F533DA00DB39FC /* DefaultTableViewCell.swift in Sources */ = {isa = PBXBuildFile; fileRef = 528A517420F533DA00DB39FC /* DefaultTableViewCell.swift */; };
		528A517720F533DA00DB39FC /* DefaultTableViewCell.xib in Resources */ = {isa = PBXBuildFile; fileRef = 528A517520F533DA00DB39FC /* DefaultTableViewCell.xib */; };
		528E324120EC7CDB0082D52C /* KakaoSelectUsertypeViewController.swift in Sources */ = {isa = PBXBuildFile; fileRef = 528E324020EC7CDB0082D52C /* KakaoSelectUsertypeViewController.swift */; };
		528E324320EC7E090082D52C /* KakaoOwnerJoinViewController.swift in Sources */ = {isa = PBXBuildFile; fileRef = 528E324220EC7E090082D52C /* KakaoOwnerJoinViewController.swift */; };
		529893DC20F2553300191DA6 /* SHcategoryHeaderCollectionReusableView.swift in Sources */ = {isa = PBXBuildFile; fileRef = 529893DB20F2553300191DA6 /* SHcategoryHeaderCollectionReusableView.swift */; };
		52996EE120EC1CAC00F33A6D /* OwnerJoinViewController.swift in Sources */ = {isa = PBXBuildFile; fileRef = 52996EE020EC1CAC00F33A6D /* OwnerJoinViewController.swift */; };
		52996EE320EC266500F33A6D /* SelectUsertypeViewController.swift in Sources */ = {isa = PBXBuildFile; fileRef = 52996EE220EC266500F33A6D /* SelectUsertypeViewController.swift */; };
		52B5437320F658F300C64E51 /* Geometry.swift in Sources */ = {isa = PBXBuildFile; fileRef = 52B5436B20F658F300C64E51 /* Geometry.swift */; };
		52B5437420F658F300C64E51 /* Location.swift in Sources */ = {isa = PBXBuildFile; fileRef = 52B5436C20F658F300C64E51 /* Location.swift */; };
		52B5437520F658F300C64E51 /* Northeast.swift in Sources */ = {isa = PBXBuildFile; fileRef = 52B5436D20F658F300C64E51 /* Northeast.swift */; };
		52B5437620F658F300C64E51 /* Geocoding.swift in Sources */ = {isa = PBXBuildFile; fileRef = 52B5436E20F658F300C64E51 /* Geocoding.swift */; };
		52B5437720F658F300C64E51 /* Viewport.swift in Sources */ = {isa = PBXBuildFile; fileRef = 52B5436F20F658F300C64E51 /* Viewport.swift */; };
		52B5437820F658F300C64E51 /* GeoResults.swift in Sources */ = {isa = PBXBuildFile; fileRef = 52B5437020F658F300C64E51 /* GeoResults.swift */; };
		52B5437920F658F300C64E51 /* Address_components.swift in Sources */ = {isa = PBXBuildFile; fileRef = 52B5437120F658F300C64E51 /* Address_components.swift */; };
		52B5437A20F658F300C64E51 /* Southwest.swift in Sources */ = {isa = PBXBuildFile; fileRef = 52B5437220F658F300C64E51 /* Southwest.swift */; };
		52B5437C20F6985700C64E51 /* LoginNM.swift in Sources */ = {isa = PBXBuildFile; fileRef = 52B5437B20F6985700C64E51 /* LoginNM.swift */; };
		52B5789B20F0A9E8008D551F /* SHADTableViewCell.swift in Sources */ = {isa = PBXBuildFile; fileRef = 52B5789A20F0A9E8008D551F /* SHADTableViewCell.swift */; };
		52B5CC4A20F84BFC001E3339 /* Data.swift in Sources */ = {isa = PBXBuildFile; fileRef = 52B5CC4920F84BFC001E3339 /* Data.swift */; };
		52B5CC4C20F84D14001E3339 /* Coupon.swift in Sources */ = {isa = PBXBuildFile; fileRef = 52B5CC4B20F84D14001E3339 /* Coupon.swift */; };
		52B782AE20F16E9D00F1E51A /* SHcategoryCollectionViewCell.swift in Sources */ = {isa = PBXBuildFile; fileRef = 52B782AD20F16E9D00F1E51A /* SHcategoryCollectionViewCell.swift */; };
		52B9E55D20F7D14F00EEA52B /* Assets.xcassets in Resources */ = {isa = PBXBuildFile; fileRef = 52B9E55C20F7D14E00EEA52B /* Assets.xcassets */; };
		52B9E55F20F7EF2300EEA52B /* ChoiceNM.swift in Sources */ = {isa = PBXBuildFile; fileRef = 52B9E55E20F7EF2300EEA52B /* ChoiceNM.swift */; };
		52B9E56620F82E9500EEA52B /* LocateNM.swift in Sources */ = {isa = PBXBuildFile; fileRef = 52B9E56520F82E9500EEA52B /* LocateNM.swift */; };
		52C6D03B20ECC9D00050A7C8 /* SHhomeViewController.swift in Sources */ = {isa = PBXBuildFile; fileRef = 52C6D03A20ECC9D00050A7C8 /* SHhomeViewController.swift */; };
		52C6D03F20ECF85B0050A7C8 /* SHmarketViewController.swift in Sources */ = {isa = PBXBuildFile; fileRef = 52C6D03E20ECF85B0050A7C8 /* SHmarketViewController.swift */; };
		52CF7F9220EFA05700B3F13E /* SHhomeTableViewCell.swift in Sources */ = {isa = PBXBuildFile; fileRef = 52CF7F9120EFA05700B3F13E /* SHhomeTableViewCell.swift */; };
		52FBDED620E8765F00AEEB1E /* AppDelegate.swift in Sources */ = {isa = PBXBuildFile; fileRef = 52FBDED520E8765F00AEEB1E /* AppDelegate.swift */; };
		52FBDED820E8765F00AEEB1E /* LoginViewController.swift in Sources */ = {isa = PBXBuildFile; fileRef = 52FBDED720E8765F00AEEB1E /* LoginViewController.swift */; };
		52FBDEDB20E8765F00AEEB1E /* Main.storyboard in Resources */ = {isa = PBXBuildFile; fileRef = 52FBDED920E8765F00AEEB1E /* Main.storyboard */; };
		52FBDEE020E8766000AEEB1E /* LaunchScreen.storyboard in Resources */ = {isa = PBXBuildFile; fileRef = 52FBDEDE20E8766000AEEB1E /* LaunchScreen.storyboard */; };
		52FBDEED20E87AC800AEEB1E /* Extension.swift in Sources */ = {isa = PBXBuildFile; fileRef = 52FBDEEC20E87AC800AEEB1E /* Extension.swift */; };
		52FBDEF420E8897800AEEB1E /* TabBarViewController.swift in Sources */ = {isa = PBXBuildFile; fileRef = 52FBDEF320E8897800AEEB1E /* TabBarViewController.swift */; };
		52FBDEF620E88B3C00AEEB1E /* StoreHomeViewController.swift in Sources */ = {isa = PBXBuildFile; fileRef = 52FBDEF520E88B3C00AEEB1E /* StoreHomeViewController.swift */; };
		52FBDEFA20E8929D00AEEB1E /* StoreHome.storyboard in Resources */ = {isa = PBXBuildFile; fileRef = 52FBDEF920E8929D00AEEB1E /* StoreHome.storyboard */; };
		52FBDEFC20E892BD00AEEB1E /* MyRefrigerator.storyboard in Resources */ = {isa = PBXBuildFile; fileRef = 52FBDEFB20E892BC00AEEB1E /* MyRefrigerator.storyboard */; };
		52FBDEFE20E892CB00AEEB1E /* Alert.storyboard in Resources */ = {isa = PBXBuildFile; fileRef = 52FBDEFD20E892CB00AEEB1E /* Alert.storyboard */; };
		52FBDF0020E892D600AEEB1E /* Mypage.storyboard in Resources */ = {isa = PBXBuildFile; fileRef = 52FBDEFF20E892D600AEEB1E /* Mypage.storyboard */; };
		52FBDF0720E895C600AEEB1E /* FavoriteViewController.swift in Sources */ = {isa = PBXBuildFile; fileRef = 52FBDF0620E895C600AEEB1E /* FavoriteViewController.swift */; };
		52FBDF0920E8966F00AEEB1E /* FavoriteCollectionViewCell.swift in Sources */ = {isa = PBXBuildFile; fileRef = 52FBDF0820E8966F00AEEB1E /* FavoriteCollectionViewCell.swift */; };
		D21483B9B49F6754787292FC /* Pods_FoodChain_iOS.framework in Frameworks */ = {isa = PBXBuildFile; fileRef = 6EAFA82CCCF0667A6F59C2A4 /* Pods_FoodChain_iOS.framework */; };
/* End PBXBuildFile section */

/* Begin PBXFileReference section */
		520FA11720EA2DB60087C2B8 /* Info.plist */ = {isa = PBXFileReference; fileEncoding = 4; lastKnownFileType = text.plist.xml; path = Info.plist; sourceTree = "<group>"; };
		522A24F420EA646200D1C272 /* KakaoJoinModule.swift */ = {isa = PBXFileReference; lastKnownFileType = sourcecode.swift; path = KakaoJoinModule.swift; sourceTree = "<group>"; };
		522B10CB20E9D1F70002386D /* KakaoOpenSDK.framework */ = {isa = PBXFileReference; lastKnownFileType = wrapper.framework; path = KakaoOpenSDK.framework; sourceTree = "<group>"; };
		522B10CE20E9D3FC0002386D /* KakaoOpenSDK-Bridging-Header.h */ = {isa = PBXFileReference; lastKnownFileType = sourcecode.c.h; path = "KakaoOpenSDK-Bridging-Header.h"; sourceTree = "<group>"; };
		522F55DA20F0EA960004A8FE /* SHhomeDetailViewController.swift */ = {isa = PBXFileReference; lastKnownFileType = sourcecode.swift; path = SHhomeDetailViewController.swift; sourceTree = "<group>"; };
		522F55E120F0F7300004A8FE /* SHcategoryViewController.swift */ = {isa = PBXFileReference; lastKnownFileType = sourcecode.swift; path = SHcategoryViewController.swift; sourceTree = "<group>"; };
		523553E720F3292900BA50DA /* MyRefrigeratorViewController.swift */ = {isa = PBXFileReference; lastKnownFileType = sourcecode.swift; path = MyRefrigeratorViewController.swift; sourceTree = "<group>"; };
		523553E920F3313D00BA50DA /* ExdateTableViewCell.swift */ = {isa = PBXFileReference; lastKnownFileType = sourcecode.swift; path = ExdateTableViewCell.swift; sourceTree = "<group>"; };
		523553EB20F3314D00BA50DA /* UploadstoreTableViewCell.swift */ = {isa = PBXFileReference; lastKnownFileType = sourcecode.swift; path = UploadstoreTableViewCell.swift; sourceTree = "<group>"; };
		523553ED20F33CA600BA50DA /* ExdateEmptyTableViewCell.swift */ = {isa = PBXFileReference; lastKnownFileType = sourcecode.swift; path = ExdateEmptyTableViewCell.swift; sourceTree = "<group>"; };
		523553EF20F3438C00BA50DA /* UploadstoreEmptyTableViewCell.swift */ = {isa = PBXFileReference; lastKnownFileType = sourcecode.swift; path = UploadstoreEmptyTableViewCell.swift; sourceTree = "<group>"; };
		523553F120F3789800BA50DA /* MFregisterViewController.swift */ = {isa = PBXFileReference; lastKnownFileType = sourcecode.swift; path = MFregisterViewController.swift; sourceTree = "<group>"; };
		523EEE1720F45A3E00A87F9E /* MFregister2ViewController.swift */ = {isa = PBXFileReference; lastKnownFileType = sourcecode.swift; path = MFregister2ViewController.swift; sourceTree = "<group>"; };
		523EEE1920F4877C00A87F9E /* SHtimesaleTableViewCell.swift */ = {isa = PBXFileReference; lastKnownFileType = sourcecode.swift; path = SHtimesaleTableViewCell.swift; sourceTree = "<group>"; };
		523EEE1B20F489B800A87F9E /* SHtimesaleViewController.swift */ = {isa = PBXFileReference; lastKnownFileType = sourcecode.swift; path = SHtimesaleViewController.swift; sourceTree = "<group>"; };
		5258A6B620F29372006C696B /* SHhomeDetailTableViewCell.swift */ = {isa = PBXFileReference; lastKnownFileType = sourcecode.swift; path = SHhomeDetailTableViewCell.swift; sourceTree = "<group>"; };
		525FCB8020EBAE9D0076C378 /* TermViewController.swift */ = {isa = PBXFileReference; lastKnownFileType = sourcecode.swift; path = TermViewController.swift; sourceTree = "<group>"; };
		52634A8320EB39D60028A33E /* JoinViewController.swift */ = {isa = PBXFileReference; lastKnownFileType = sourcecode.swift; path = JoinViewController.swift; sourceTree = "<group>"; };
		52634A8620EB4C090028A33E /* KakaoJoinViewController.swift */ = {isa = PBXFileReference; lastKnownFileType = sourcecode.swift; path = KakaoJoinViewController.swift; sourceTree = "<group>"; };
		52634FE020F5C04E00C0673E /* JoinNM.swift */ = {isa = PBXFileReference; lastKnownFileType = sourcecode.swift; path = JoinNM.swift; sourceTree = "<group>"; };
		52634FE520F5C10300C0673E /* NetworkDelegate.swift */ = {isa = PBXFileReference; lastKnownFileType = sourcecode.swift; path = NetworkDelegate.swift; sourceTree = "<group>"; };
		52634FE720F5C2EC00C0673E /* Join.swift */ = {isa = PBXFileReference; lastKnownFileType = sourcecode.swift; path = Join.swift; sourceTree = "<group>"; };
		52634FE920F5FA0300C0673E /* SearchAddressNM.swift */ = {isa = PBXFileReference; lastKnownFileType = sourcecode.swift; path = SearchAddressNM.swift; sourceTree = "<group>"; };
		52634FEE20F6007900C0673E /* SearchAddress.swift */ = {isa = PBXFileReference; fileEncoding = 4; lastKnownFileType = sourcecode.swift; path = SearchAddress.swift; sourceTree = "<group>"; };
		52634FEF20F6007900C0673E /* Common.swift */ = {isa = PBXFileReference; fileEncoding = 4; lastKnownFileType = sourcecode.swift; path = Common.swift; sourceTree = "<group>"; };
		52634FF020F6007900C0673E /* Results.swift */ = {isa = PBXFileReference; fileEncoding = 4; lastKnownFileType = sourcecode.swift; path = Results.swift; sourceTree = "<group>"; };
		52634FF120F6007900C0673E /* Juso.swift */ = {isa = PBXFileReference; fileEncoding = 4; lastKnownFileType = sourcecode.swift; path = Juso.swift; sourceTree = "<group>"; };
		52634FF620F6047700C0673E /* SearchAdViewController.swift */ = {isa = PBXFileReference; lastKnownFileType = sourcecode.swift; path = SearchAdViewController.swift; sourceTree = "<group>"; };
		52634FF820F6049700C0673E /* SearchAdTableViewCell.swift */ = {isa = PBXFileReference; lastKnownFileType = sourcecode.swift; path = SearchAdTableViewCell.swift; sourceTree = "<group>"; };
		52755B6C20F2C0FD009453A7 /* SHhomeDetailTableViewCell.xib */ = {isa = PBXFileReference; fileEncoding = 4; lastKnownFileType = file.xib; path = SHhomeDetailTableViewCell.xib; sourceTree = "<group>"; };
		52755B7420F2D966009453A7 /* SHhomeMenuCollectionViewCell.swift */ = {isa = PBXFileReference; lastKnownFileType = sourcecode.swift; path = SHhomeMenuCollectionViewCell.swift; sourceTree = "<group>"; };
		52755B7620F2DF08009453A7 /* SHhomeMenuTableViewCell.swift */ = {isa = PBXFileReference; lastKnownFileType = sourcecode.swift; path = SHhomeMenuTableViewCell.swift; sourceTree = "<group>"; };
		52755B7D20F2FC63009453A7 /* UploadstoreViewController.swift */ = {isa = PBXFileReference; lastKnownFileType = sourcecode.swift; path = UploadstoreViewController.swift; sourceTree = "<group>"; };
		52755B7F20F2FC71009453A7 /* ExdateViewController.swift */ = {isa = PBXFileReference; lastKnownFileType = sourcecode.swift; path = ExdateViewController.swift; sourceTree = "<group>"; };
		528A516E20F52CF300DB39FC /* SHmarketTableViewCell.swift */ = {isa = PBXFileReference; lastKnownFileType = sourcecode.swift; path = SHmarketTableViewCell.swift; sourceTree = "<group>"; };
		528A517020F52FB300DB39FC /* SHmarketCollectionViewCell.swift */ = {isa = PBXFileReference; lastKnownFileType = sourcecode.swift; path = SHmarketCollectionViewCell.swift; sourceTree = "<group>"; };
		528A517420F533DA00DB39FC /* DefaultTableViewCell.swift */ = {isa = PBXFileReference; lastKnownFileType = sourcecode.swift; path = DefaultTableViewCell.swift; sourceTree = "<group>"; };
		528A517520F533DA00DB39FC /* DefaultTableViewCell.xib */ = {isa = PBXFileReference; lastKnownFileType = file.xib; path = DefaultTableViewCell.xib; sourceTree = "<group>"; };
		528E324020EC7CDB0082D52C /* KakaoSelectUsertypeViewController.swift */ = {isa = PBXFileReference; lastKnownFileType = sourcecode.swift; path = KakaoSelectUsertypeViewController.swift; sourceTree = "<group>"; };
		528E324220EC7E090082D52C /* KakaoOwnerJoinViewController.swift */ = {isa = PBXFileReference; lastKnownFileType = sourcecode.swift; path = KakaoOwnerJoinViewController.swift; sourceTree = "<group>"; };
		529893DB20F2553300191DA6 /* SHcategoryHeaderCollectionReusableView.swift */ = {isa = PBXFileReference; lastKnownFileType = sourcecode.swift; path = SHcategoryHeaderCollectionReusableView.swift; sourceTree = "<group>"; };
		52996EE020EC1CAC00F33A6D /* OwnerJoinViewController.swift */ = {isa = PBXFileReference; lastKnownFileType = sourcecode.swift; path = OwnerJoinViewController.swift; sourceTree = "<group>"; };
		52996EE220EC266500F33A6D /* SelectUsertypeViewController.swift */ = {isa = PBXFileReference; lastKnownFileType = sourcecode.swift; path = SelectUsertypeViewController.swift; sourceTree = "<group>"; };
		52B5436B20F658F300C64E51 /* Geometry.swift */ = {isa = PBXFileReference; fileEncoding = 4; lastKnownFileType = sourcecode.swift; path = Geometry.swift; sourceTree = "<group>"; };
		52B5436C20F658F300C64E51 /* Location.swift */ = {isa = PBXFileReference; fileEncoding = 4; lastKnownFileType = sourcecode.swift; path = Location.swift; sourceTree = "<group>"; };
		52B5436D20F658F300C64E51 /* Northeast.swift */ = {isa = PBXFileReference; fileEncoding = 4; lastKnownFileType = sourcecode.swift; path = Northeast.swift; sourceTree = "<group>"; };
		52B5436E20F658F300C64E51 /* Geocoding.swift */ = {isa = PBXFileReference; fileEncoding = 4; lastKnownFileType = sourcecode.swift; path = Geocoding.swift; sourceTree = "<group>"; };
		52B5436F20F658F300C64E51 /* Viewport.swift */ = {isa = PBXFileReference; fileEncoding = 4; lastKnownFileType = sourcecode.swift; path = Viewport.swift; sourceTree = "<group>"; };
		52B5437020F658F300C64E51 /* GeoResults.swift */ = {isa = PBXFileReference; fileEncoding = 4; lastKnownFileType = sourcecode.swift; path = GeoResults.swift; sourceTree = "<group>"; };
		52B5437120F658F300C64E51 /* Address_components.swift */ = {isa = PBXFileReference; fileEncoding = 4; lastKnownFileType = sourcecode.swift; path = Address_components.swift; sourceTree = "<group>"; };
		52B5437220F658F300C64E51 /* Southwest.swift */ = {isa = PBXFileReference; fileEncoding = 4; lastKnownFileType = sourcecode.swift; path = Southwest.swift; sourceTree = "<group>"; };
		52B5437B20F6985700C64E51 /* LoginNM.swift */ = {isa = PBXFileReference; lastKnownFileType = sourcecode.swift; path = LoginNM.swift; sourceTree = "<group>"; };
		52B5789A20F0A9E8008D551F /* SHADTableViewCell.swift */ = {isa = PBXFileReference; lastKnownFileType = sourcecode.swift; path = SHADTableViewCell.swift; sourceTree = "<group>"; };
		52B5CC4920F84BFC001E3339 /* Data.swift */ = {isa = PBXFileReference; lastKnownFileType = sourcecode.swift; path = Data.swift; sourceTree = "<group>"; };
		52B5CC4B20F84D14001E3339 /* Coupon.swift */ = {isa = PBXFileReference; lastKnownFileType = sourcecode.swift; path = Coupon.swift; sourceTree = "<group>"; };
		52B782AD20F16E9D00F1E51A /* SHcategoryCollectionViewCell.swift */ = {isa = PBXFileReference; lastKnownFileType = sourcecode.swift; path = SHcategoryCollectionViewCell.swift; sourceTree = "<group>"; };
		52B9E55C20F7D14E00EEA52B /* Assets.xcassets */ = {isa = PBXFileReference; lastKnownFileType = folder.assetcatalog; path = Assets.xcassets; sourceTree = "<group>"; };
		52B9E55E20F7EF2300EEA52B /* ChoiceNM.swift */ = {isa = PBXFileReference; lastKnownFileType = sourcecode.swift; path = ChoiceNM.swift; sourceTree = "<group>"; };
		52B9E56520F82E9500EEA52B /* LocateNM.swift */ = {isa = PBXFileReference; lastKnownFileType = sourcecode.swift; path = LocateNM.swift; sourceTree = "<group>"; };
		52C6D03A20ECC9D00050A7C8 /* SHhomeViewController.swift */ = {isa = PBXFileReference; lastKnownFileType = sourcecode.swift; path = SHhomeViewController.swift; sourceTree = "<group>"; };
		52C6D03E20ECF85B0050A7C8 /* SHmarketViewController.swift */ = {isa = PBXFileReference; lastKnownFileType = sourcecode.swift; path = SHmarketViewController.swift; sourceTree = "<group>"; };
		52CF7F9120EFA05700B3F13E /* SHhomeTableViewCell.swift */ = {isa = PBXFileReference; lastKnownFileType = sourcecode.swift; path = SHhomeTableViewCell.swift; sourceTree = "<group>"; };
		52FBDED220E8765F00AEEB1E /* FoodChain_iOS.app */ = {isa = PBXFileReference; explicitFileType = wrapper.application; includeInIndex = 0; path = FoodChain_iOS.app; sourceTree = BUILT_PRODUCTS_DIR; };
		52FBDED520E8765F00AEEB1E /* AppDelegate.swift */ = {isa = PBXFileReference; lastKnownFileType = sourcecode.swift; path = AppDelegate.swift; sourceTree = "<group>"; };
		52FBDED720E8765F00AEEB1E /* LoginViewController.swift */ = {isa = PBXFileReference; lastKnownFileType = sourcecode.swift; path = LoginViewController.swift; sourceTree = "<group>"; };
		52FBDEDA20E8765F00AEEB1E /* Base */ = {isa = PBXFileReference; lastKnownFileType = file.storyboard; name = Base; path = Base.lproj/Main.storyboard; sourceTree = "<group>"; };
		52FBDEDF20E8766000AEEB1E /* Base */ = {isa = PBXFileReference; lastKnownFileType = file.storyboard; name = Base; path = Base.lproj/LaunchScreen.storyboard; sourceTree = "<group>"; };
		52FBDEEC20E87AC800AEEB1E /* Extension.swift */ = {isa = PBXFileReference; lastKnownFileType = sourcecode.swift; path = Extension.swift; sourceTree = "<group>"; };
		52FBDEF320E8897800AEEB1E /* TabBarViewController.swift */ = {isa = PBXFileReference; lastKnownFileType = sourcecode.swift; path = TabBarViewController.swift; sourceTree = "<group>"; };
		52FBDEF520E88B3C00AEEB1E /* StoreHomeViewController.swift */ = {isa = PBXFileReference; lastKnownFileType = sourcecode.swift; path = StoreHomeViewController.swift; sourceTree = "<group>"; };
		52FBDEF920E8929D00AEEB1E /* StoreHome.storyboard */ = {isa = PBXFileReference; lastKnownFileType = file.storyboard; path = StoreHome.storyboard; sourceTree = "<group>"; };
		52FBDEFB20E892BC00AEEB1E /* MyRefrigerator.storyboard */ = {isa = PBXFileReference; lastKnownFileType = file.storyboard; path = MyRefrigerator.storyboard; sourceTree = "<group>"; };
		52FBDEFD20E892CB00AEEB1E /* Alert.storyboard */ = {isa = PBXFileReference; lastKnownFileType = file.storyboard; path = Alert.storyboard; sourceTree = "<group>"; };
		52FBDEFF20E892D600AEEB1E /* Mypage.storyboard */ = {isa = PBXFileReference; lastKnownFileType = file.storyboard; path = Mypage.storyboard; sourceTree = "<group>"; };
		52FBDF0620E895C600AEEB1E /* FavoriteViewController.swift */ = {isa = PBXFileReference; lastKnownFileType = sourcecode.swift; path = FavoriteViewController.swift; sourceTree = "<group>"; };
		52FBDF0820E8966F00AEEB1E /* FavoriteCollectionViewCell.swift */ = {isa = PBXFileReference; lastKnownFileType = sourcecode.swift; path = FavoriteCollectionViewCell.swift; sourceTree = "<group>"; };
		6EAFA82CCCF0667A6F59C2A4 /* Pods_FoodChain_iOS.framework */ = {isa = PBXFileReference; explicitFileType = wrapper.framework; includeInIndex = 0; path = Pods_FoodChain_iOS.framework; sourceTree = BUILT_PRODUCTS_DIR; };
		846693E43FBC91C6B9C78C4C /* Pods-FoodChain_iOS.release.xcconfig */ = {isa = PBXFileReference; includeInIndex = 1; lastKnownFileType = text.xcconfig; name = "Pods-FoodChain_iOS.release.xcconfig"; path = "Pods/Target Support Files/Pods-FoodChain_iOS/Pods-FoodChain_iOS.release.xcconfig"; sourceTree = "<group>"; };
		ED428845C85BA963E48CB7E7 /* Pods-FoodChain_iOS.debug.xcconfig */ = {isa = PBXFileReference; includeInIndex = 1; lastKnownFileType = text.xcconfig; name = "Pods-FoodChain_iOS.debug.xcconfig"; path = "Pods/Target Support Files/Pods-FoodChain_iOS/Pods-FoodChain_iOS.debug.xcconfig"; sourceTree = "<group>"; };
/* End PBXFileReference section */

/* Begin PBXFrameworksBuildPhase section */
		52FBDECF20E8765F00AEEB1E /* Frameworks */ = {
			isa = PBXFrameworksBuildPhase;
			buildActionMask = 2147483647;
			files = (
				522B10CC20E9D1F70002386D /* KakaoOpenSDK.framework in Frameworks */,
				D21483B9B49F6754787292FC /* Pods_FoodChain_iOS.framework in Frameworks */,
			);
			runOnlyForDeploymentPostprocessing = 0;
		};
/* End PBXFrameworksBuildPhase section */

/* Begin PBXGroup section */
		22F05A03CE9E51F0E43CD90F /* Frameworks */ = {
			isa = PBXGroup;
			children = (
				522B10CB20E9D1F70002386D /* KakaoOpenSDK.framework */,
				6EAFA82CCCF0667A6F59C2A4 /* Pods_FoodChain_iOS.framework */,
			);
			name = Frameworks;
			sourceTree = "<group>";
		};
		522F55DC20F0F2C80004A8FE /* main */ = {
			isa = PBXGroup;
			children = (
				52C6D03A20ECC9D00050A7C8 /* SHhomeViewController.swift */,
				52CF7F9120EFA05700B3F13E /* SHhomeTableViewCell.swift */,
				52B5789A20F0A9E8008D551F /* SHADTableViewCell.swift */,
			);
			path = main;
			sourceTree = "<group>";
		};
		522F55DD20F0F2D40004A8FE /* category */ = {
			isa = PBXGroup;
			children = (
				522F55E120F0F7300004A8FE /* SHcategoryViewController.swift */,
				52B782AD20F16E9D00F1E51A /* SHcategoryCollectionViewCell.swift */,
				529893DB20F2553300191DA6 /* SHcategoryHeaderCollectionReusableView.swift */,
			);
			path = category;
			sourceTree = "<group>";
		};
		522F55DE20F0F2F00004A8FE /* detail */ = {
			isa = PBXGroup;
			children = (
				522F55DA20F0EA960004A8FE /* SHhomeDetailViewController.swift */,
				5258A6B620F29372006C696B /* SHhomeDetailTableViewCell.swift */,
				52755B6C20F2C0FD009453A7 /* SHhomeDetailTableViewCell.xib */,
				52755B7620F2DF08009453A7 /* SHhomeMenuTableViewCell.swift */,
				52755B7420F2D966009453A7 /* SHhomeMenuCollectionViewCell.swift */,
			);
			path = detail;
			sourceTree = "<group>";
		};
		525DBD0020EB389600935E46 /* Account */ = {
			isa = PBXGroup;
			children = (
				52FBDED720E8765F00AEEB1E /* LoginViewController.swift */,
				525FCB8020EBAE9D0076C378 /* TermViewController.swift */,
				52FBDEF320E8897800AEEB1E /* TabBarViewController.swift */,
				528E324520EC82FD0082D52C /* NativeJoin */,
				528E324420EC82D10082D52C /* KakaoJoin */,
				52634A8820EB50750028A33E /* SelectFavorite */,
				52634FF620F6047700C0673E /* SearchAdViewController.swift */,
				52634FF820F6049700C0673E /* SearchAdTableViewCell.swift */,
			);
			path = Account;
			sourceTree = "<group>";
		};
		52634A8820EB50750028A33E /* SelectFavorite */ = {
			isa = PBXGroup;
			children = (
				52FBDF0620E895C600AEEB1E /* FavoriteViewController.swift */,
				52FBDF0820E8966F00AEEB1E /* FavoriteCollectionViewCell.swift */,
			);
			path = SelectFavorite;
			sourceTree = "<group>";
		};
		52634FDA20F5BCAA00C0673E /* Model */ = {
			isa = PBXGroup;
			children = (
				52634FDB20F5BCDD00C0673E /* Object */,
				52FBDEEE20E87D1800AEEB1E /* Network */,
			);
			path = Model;
			sourceTree = "<group>";
		};
		52634FDB20F5BCDD00C0673E /* Object */ = {
			isa = PBXGroup;
			children = (
				52B5436A20F658F300C64E51 /* Geoconding */,
				52634FED20F6007900C0673E /* SearchAddress */,
				52634FE720F5C2EC00C0673E /* Join.swift */,
				52B5CC4920F84BFC001E3339 /* Data.swift */,
				52B5CC4B20F84D14001E3339 /* Coupon.swift */,
			);
			path = Object;
			sourceTree = "<group>";
		};
		52634FED20F6007900C0673E /* SearchAddress */ = {
			isa = PBXGroup;
			children = (
				52634FEE20F6007900C0673E /* SearchAddress.swift */,
				52634FEF20F6007900C0673E /* Common.swift */,
				52634FF020F6007900C0673E /* Results.swift */,
				52634FF120F6007900C0673E /* Juso.swift */,
			);
			path = SearchAddress;
			sourceTree = "<group>";
		};
		52755B7820F2FB38009453A7 /* MyRefrigerator */ = {
			isa = PBXGroup;
			children = (
				523553E720F3292900BA50DA /* MyRefrigeratorViewController.swift */,
				523553F120F3789800BA50DA /* MFregisterViewController.swift */,
				523EEE1720F45A3E00A87F9E /* MFregister2ViewController.swift */,
				52755B7C20F2FC4F009453A7 /* uploadstore */,
				52755B7B20F2FC46009453A7 /* exdate */,
			);
			path = MyRefrigerator;
			sourceTree = "<group>";
		};
		52755B7B20F2FC46009453A7 /* exdate */ = {
			isa = PBXGroup;
			children = (
				52755B7F20F2FC71009453A7 /* ExdateViewController.swift */,
				523553E920F3313D00BA50DA /* ExdateTableViewCell.swift */,
				523553ED20F33CA600BA50DA /* ExdateEmptyTableViewCell.swift */,
			);
			path = exdate;
			sourceTree = "<group>";
		};
		52755B7C20F2FC4F009453A7 /* uploadstore */ = {
			isa = PBXGroup;
			children = (
				52755B7D20F2FC63009453A7 /* UploadstoreViewController.swift */,
				523553EB20F3314D00BA50DA /* UploadstoreTableViewCell.swift */,
				523553EF20F3438C00BA50DA /* UploadstoreEmptyTableViewCell.swift */,
			);
			path = uploadstore;
			sourceTree = "<group>";
		};
		528E324420EC82D10082D52C /* KakaoJoin */ = {
			isa = PBXGroup;
			children = (
				528E324020EC7CDB0082D52C /* KakaoSelectUsertypeViewController.swift */,
				52634A8620EB4C090028A33E /* KakaoJoinViewController.swift */,
				528E324220EC7E090082D52C /* KakaoOwnerJoinViewController.swift */,
			);
			path = KakaoJoin;
			sourceTree = "<group>";
		};
		528E324520EC82FD0082D52C /* NativeJoin */ = {
			isa = PBXGroup;
			children = (
				52996EE220EC266500F33A6D /* SelectUsertypeViewController.swift */,
				52634A8320EB39D60028A33E /* JoinViewController.swift */,
				52996EE020EC1CAC00F33A6D /* OwnerJoinViewController.swift */,
			);
			path = NativeJoin;
			sourceTree = "<group>";
		};
		52B5436A20F658F300C64E51 /* Geoconding */ = {
			isa = PBXGroup;
			children = (
				52B5436B20F658F300C64E51 /* Geometry.swift */,
				52B5436C20F658F300C64E51 /* Location.swift */,
				52B5436D20F658F300C64E51 /* Northeast.swift */,
				52B5436E20F658F300C64E51 /* Geocoding.swift */,
				52B5436F20F658F300C64E51 /* Viewport.swift */,
				52B5437020F658F300C64E51 /* GeoResults.swift */,
				52B5437120F658F300C64E51 /* Address_components.swift */,
				52B5437220F658F300C64E51 /* Southwest.swift */,
			);
			path = Geoconding;
			sourceTree = "<group>";
		};
		52CF7F8E20EF9FA400B3F13E /* Home */ = {
			isa = PBXGroup;
			children = (
				522F55DC20F0F2C80004A8FE /* main */,
				522F55DE20F0F2F00004A8FE /* detail */,
				522F55DD20F0F2D40004A8FE /* category */,
			);
			path = Home;
			sourceTree = "<group>";
		};
		52CF7F8F20EF9FAD00B3F13E /* TimeSale */ = {
			isa = PBXGroup;
			children = (
				523EEE1920F4877C00A87F9E /* SHtimesaleTableViewCell.swift */,
				523EEE1B20F489B800A87F9E /* SHtimesaleViewController.swift */,
			);
			path = TimeSale;
			sourceTree = "<group>";
		};
		52CF7F9020EF9FBF00B3F13E /* Market */ = {
			isa = PBXGroup;
			children = (
				52C6D03E20ECF85B0050A7C8 /* SHmarketViewController.swift */,
				528A516E20F52CF300DB39FC /* SHmarketTableViewCell.swift */,
				528A517020F52FB300DB39FC /* SHmarketCollectionViewCell.swift */,
				528A517420F533DA00DB39FC /* DefaultTableViewCell.swift */,
				528A517520F533DA00DB39FC /* DefaultTableViewCell.xib */,
			);
			path = Market;
			sourceTree = "<group>";
		};
		52FBDEC920E8765F00AEEB1E = {
			isa = PBXGroup;
			children = (
				52FBDED420E8765F00AEEB1E /* FoodChain_iOS */,
				52FBDED320E8765F00AEEB1E /* Products */,
				8778DFDB2C3CD7B8102485C9 /* Pods */,
				22F05A03CE9E51F0E43CD90F /* Frameworks */,
			);
			sourceTree = "<group>";
		};
		52FBDED320E8765F00AEEB1E /* Products */ = {
			isa = PBXGroup;
			children = (
				52FBDED220E8765F00AEEB1E /* FoodChain_iOS.app */,
			);
			name = Products;
			sourceTree = "<group>";
		};
		52FBDED420E8765F00AEEB1E /* FoodChain_iOS */ = {
			isa = PBXGroup;
			children = (
				52FBDEEB20E87A7200AEEB1E /* StoryBoard */,
				52FBDEEA20E87A1200AEEB1E /* Extension */,
				52FBDEE920E87A0000AEEB1E /* ViewController */,
				52FBDEE720E8797A00AEEB1E /* Module */,
				522B10CE20E9D3FC0002386D /* KakaoOpenSDK-Bridging-Header.h */,
				52FBDEE820E879FC00AEEB1E /* Support */,
			);
			path = FoodChain_iOS;
			sourceTree = "<group>";
		};
		52FBDEE720E8797A00AEEB1E /* Module */ = {
			isa = PBXGroup;
			children = (
				522A24F420EA646200D1C272 /* KakaoJoinModule.swift */,
				52634FDA20F5BCAA00C0673E /* Model */,
			);
			path = Module;
			sourceTree = "<group>";
		};
		52FBDEE820E879FC00AEEB1E /* Support */ = {
			isa = PBXGroup;
			children = (
				52B9E55C20F7D14E00EEA52B /* Assets.xcassets */,
				520FA11720EA2DB60087C2B8 /* Info.plist */,
				52FBDED520E8765F00AEEB1E /* AppDelegate.swift */,
			);
			path = Support;
			sourceTree = "<group>";
		};
		52FBDEE920E87A0000AEEB1E /* ViewController */ = {
			isa = PBXGroup;
			children = (
				52FBDF0120E8953200AEEB1E /* Main */,
				52FBDF0220E8954C00AEEB1E /* StoreHome */,
				52755B7820F2FB38009453A7 /* MyRefrigerator */,
				52FBDF0520E8957300AEEB1E /* Alert */,
				52FBDF0420E8956B00AEEB1E /* Mypage */,
			);
			path = ViewController;
			sourceTree = "<group>";
		};
		52FBDEEA20E87A1200AEEB1E /* Extension */ = {
			isa = PBXGroup;
			children = (
				52FBDEEC20E87AC800AEEB1E /* Extension.swift */,
			);
			path = Extension;
			sourceTree = "<group>";
		};
		52FBDEEB20E87A7200AEEB1E /* StoryBoard */ = {
			isa = PBXGroup;
			children = (
				52FBDED920E8765F00AEEB1E /* Main.storyboard */,
				52FBDEF920E8929D00AEEB1E /* StoreHome.storyboard */,
				52FBDEFB20E892BC00AEEB1E /* MyRefrigerator.storyboard */,
				52FBDEFD20E892CB00AEEB1E /* Alert.storyboard */,
				52FBDEFF20E892D600AEEB1E /* Mypage.storyboard */,
				52FBDEDE20E8766000AEEB1E /* LaunchScreen.storyboard */,
			);
			path = StoryBoard;
			sourceTree = "<group>";
		};
		52FBDEEE20E87D1800AEEB1E /* Network */ = {
			isa = PBXGroup;
			children = (
				52634FE520F5C10300C0673E /* NetworkDelegate.swift */,
				52634FE920F5FA0300C0673E /* SearchAddressNM.swift */,
				52634FE020F5C04E00C0673E /* JoinNM.swift */,
				52B5437B20F6985700C64E51 /* LoginNM.swift */,
				52B9E55E20F7EF2300EEA52B /* ChoiceNM.swift */,
				52B9E56520F82E9500EEA52B /* LocateNM.swift */,
			);
			path = Network;
			sourceTree = "<group>";
		};
		52FBDF0120E8953200AEEB1E /* Main */ = {
			isa = PBXGroup;
			children = (
				525DBD0020EB389600935E46 /* Account */,
			);
			path = Main;
			sourceTree = "<group>";
		};
		52FBDF0220E8954C00AEEB1E /* StoreHome */ = {
			isa = PBXGroup;
			children = (
				52FBDEF520E88B3C00AEEB1E /* StoreHomeViewController.swift */,
				52CF7F9020EF9FBF00B3F13E /* Market */,
				52CF7F8F20EF9FAD00B3F13E /* TimeSale */,
				52CF7F8E20EF9FA400B3F13E /* Home */,
			);
			path = StoreHome;
			sourceTree = "<group>";
		};
		52FBDF0420E8956B00AEEB1E /* Mypage */ = {
			isa = PBXGroup;
			children = (
			);
			path = Mypage;
			sourceTree = "<group>";
		};
		52FBDF0520E8957300AEEB1E /* Alert */ = {
			isa = PBXGroup;
			children = (
			);
			path = Alert;
			sourceTree = "<group>";
		};
		8778DFDB2C3CD7B8102485C9 /* Pods */ = {
			isa = PBXGroup;
			children = (
				ED428845C85BA963E48CB7E7 /* Pods-FoodChain_iOS.debug.xcconfig */,
				846693E43FBC91C6B9C78C4C /* Pods-FoodChain_iOS.release.xcconfig */,
			);
			name = Pods;
			sourceTree = "<group>";
		};
/* End PBXGroup section */

/* Begin PBXNativeTarget section */
		52FBDED120E8765F00AEEB1E /* FoodChain_iOS */ = {
			isa = PBXNativeTarget;
			buildConfigurationList = 52FBDEE420E8766000AEEB1E /* Build configuration list for PBXNativeTarget "FoodChain_iOS" */;
			buildPhases = (
				0500214D3B0C88C6F323BE77 /* [CP] Check Pods Manifest.lock */,
				52FBDECE20E8765F00AEEB1E /* Sources */,
				52FBDECF20E8765F00AEEB1E /* Frameworks */,
				52FBDED020E8765F00AEEB1E /* Resources */,
				C50D8EA7367D7DBFDB412D3E /* [CP] Embed Pods Frameworks */,
				14AAFB4880919F156BCEA647 /* [CP] Copy Pods Resources */,
			);
			buildRules = (
			);
			dependencies = (
			);
			name = FoodChain_iOS;
			productName = FoodChain_iOS;
			productReference = 52FBDED220E8765F00AEEB1E /* FoodChain_iOS.app */;
			productType = "com.apple.product-type.application";
		};
/* End PBXNativeTarget section */

/* Begin PBXProject section */
		52FBDECA20E8765F00AEEB1E /* Project object */ = {
			isa = PBXProject;
			attributes = {
				LastSwiftUpdateCheck = 0940;
				LastUpgradeCheck = 0940;
				ORGANIZATIONNAME = "신동규";
				TargetAttributes = {
					52FBDED120E8765F00AEEB1E = {
						CreatedOnToolsVersion = 9.4.1;
						LastSwiftMigration = 0940;
					};
				};
			};
			buildConfigurationList = 52FBDECD20E8765F00AEEB1E /* Build configuration list for PBXProject "FoodChain_iOS" */;
			compatibilityVersion = "Xcode 9.3";
			developmentRegion = en;
			hasScannedForEncodings = 0;
			knownRegions = (
				en,
				Base,
			);
			mainGroup = 52FBDEC920E8765F00AEEB1E;
			productRefGroup = 52FBDED320E8765F00AEEB1E /* Products */;
			projectDirPath = "";
			projectRoot = "";
			targets = (
				52FBDED120E8765F00AEEB1E /* FoodChain_iOS */,
			);
		};
/* End PBXProject section */

/* Begin PBXResourcesBuildPhase section */
		52FBDED020E8765F00AEEB1E /* Resources */ = {
			isa = PBXResourcesBuildPhase;
			buildActionMask = 2147483647;
			files = (
				52755B6D20F2C0FD009453A7 /* SHhomeDetailTableViewCell.xib in Resources */,
				520FA11820EA2DB60087C2B8 /* Info.plist in Resources */,
				52B9E55D20F7D14F00EEA52B /* Assets.xcassets in Resources */,
				52FBDEE020E8766000AEEB1E /* LaunchScreen.storyboard in Resources */,
				528A517720F533DA00DB39FC /* DefaultTableViewCell.xib in Resources */,
				52FBDF0020E892D600AEEB1E /* Mypage.storyboard in Resources */,
				52FBDEFC20E892BD00AEEB1E /* MyRefrigerator.storyboard in Resources */,
				52FBDEDB20E8765F00AEEB1E /* Main.storyboard in Resources */,
				52FBDEFA20E8929D00AEEB1E /* StoreHome.storyboard in Resources */,
				52FBDEFE20E892CB00AEEB1E /* Alert.storyboard in Resources */,
			);
			runOnlyForDeploymentPostprocessing = 0;
		};
/* End PBXResourcesBuildPhase section */

/* Begin PBXShellScriptBuildPhase section */
		0500214D3B0C88C6F323BE77 /* [CP] Check Pods Manifest.lock */ = {
			isa = PBXShellScriptBuildPhase;
			buildActionMask = 2147483647;
			files = (
			);
			inputPaths = (
				"${PODS_PODFILE_DIR_PATH}/Podfile.lock",
				"${PODS_ROOT}/Manifest.lock",
			);
			name = "[CP] Check Pods Manifest.lock";
			outputPaths = (
				"$(DERIVED_FILE_DIR)/Pods-FoodChain_iOS-checkManifestLockResult.txt",
			);
			runOnlyForDeploymentPostprocessing = 0;
			shellPath = /bin/sh;
			shellScript = "diff \"${PODS_PODFILE_DIR_PATH}/Podfile.lock\" \"${PODS_ROOT}/Manifest.lock\" > /dev/null\nif [ $? != 0 ] ; then\n    # print error to STDERR\n    echo \"error: The sandbox is not in sync with the Podfile.lock. Run 'pod install' or update your CocoaPods installation.\" >&2\n    exit 1\nfi\n# This output is used by Xcode 'outputs' to avoid re-running this script phase.\necho \"SUCCESS\" > \"${SCRIPT_OUTPUT_FILE_0}\"\n";
			showEnvVarsInLog = 0;
		};
		14AAFB4880919F156BCEA647 /* [CP] Copy Pods Resources */ = {
			isa = PBXShellScriptBuildPhase;
			buildActionMask = 2147483647;
			files = (
			);
			inputPaths = (
				"${SRCROOT}/Pods/Target Support Files/Pods-FoodChain_iOS/Pods-FoodChain_iOS-resources.sh",
				"${PODS_ROOT}/GoogleMaps/Maps/Frameworks/GoogleMaps.framework/Resources/GoogleMaps.bundle",
				"${PODS_ROOT}/GooglePlaces/Frameworks/GooglePlaces.framework/Resources/GooglePlaces.bundle",
			);
			name = "[CP] Copy Pods Resources";
			outputPaths = (
				"${TARGET_BUILD_DIR}/${UNLOCALIZED_RESOURCES_FOLDER_PATH}/GoogleMaps.bundle",
				"${TARGET_BUILD_DIR}/${UNLOCALIZED_RESOURCES_FOLDER_PATH}/GooglePlaces.bundle",
			);
			runOnlyForDeploymentPostprocessing = 0;
			shellPath = /bin/sh;
			shellScript = "\"${SRCROOT}/Pods/Target Support Files/Pods-FoodChain_iOS/Pods-FoodChain_iOS-resources.sh\"\n";
			showEnvVarsInLog = 0;
		};
		C50D8EA7367D7DBFDB412D3E /* [CP] Embed Pods Frameworks */ = {
			isa = PBXShellScriptBuildPhase;
			buildActionMask = 2147483647;
			files = (
			);
			inputPaths = (
				"${SRCROOT}/Pods/Target Support Files/Pods-FoodChain_iOS/Pods-FoodChain_iOS-frameworks.sh",
				"${BUILT_PRODUCTS_DIR}/Alamofire/Alamofire.framework",
				"${BUILT_PRODUCTS_DIR}/AlamofireObjectMapper/AlamofireObjectMapper.framework",
				"${BUILT_PRODUCTS_DIR}/IQKeyboardManagerSwift/IQKeyboardManagerSwift.framework",
				"${BUILT_PRODUCTS_DIR}/Kingfisher/Kingfisher.framework",
				"${BUILT_PRODUCTS_DIR}/NVActivityIndicatorView/NVActivityIndicatorView.framework",
				"${BUILT_PRODUCTS_DIR}/ObjectMapper/ObjectMapper.framework",
				"${BUILT_PRODUCTS_DIR}/Parchment/Parchment.framework",
				"${BUILT_PRODUCTS_DIR}/Realm/Realm.framework",
				"${BUILT_PRODUCTS_DIR}/RealmSwift/RealmSwift.framework",
				"${BUILT_PRODUCTS_DIR}/SwiftyJSON/SwiftyJSON.framework",
				"${BUILT_PRODUCTS_DIR}/Toast-Swift/Toast_Swift.framework",
			);
			name = "[CP] Embed Pods Frameworks";
			outputPaths = (
				"${TARGET_BUILD_DIR}/${FRAMEWORKS_FOLDER_PATH}/Alamofire.framework",
				"${TARGET_BUILD_DIR}/${FRAMEWORKS_FOLDER_PATH}/AlamofireObjectMapper.framework",
				"${TARGET_BUILD_DIR}/${FRAMEWORKS_FOLDER_PATH}/IQKeyboardManagerSwift.framework",
				"${TARGET_BUILD_DIR}/${FRAMEWORKS_FOLDER_PATH}/Kingfisher.framework",
				"${TARGET_BUILD_DIR}/${FRAMEWORKS_FOLDER_PATH}/NVActivityIndicatorView.framework",
				"${TARGET_BUILD_DIR}/${FRAMEWORKS_FOLDER_PATH}/ObjectMapper.framework",
				"${TARGET_BUILD_DIR}/${FRAMEWORKS_FOLDER_PATH}/Parchment.framework",
				"${TARGET_BUILD_DIR}/${FRAMEWORKS_FOLDER_PATH}/Realm.framework",
				"${TARGET_BUILD_DIR}/${FRAMEWORKS_FOLDER_PATH}/RealmSwift.framework",
				"${TARGET_BUILD_DIR}/${FRAMEWORKS_FOLDER_PATH}/SwiftyJSON.framework",
				"${TARGET_BUILD_DIR}/${FRAMEWORKS_FOLDER_PATH}/Toast_Swift.framework",
			);
			runOnlyForDeploymentPostprocessing = 0;
			shellPath = /bin/sh;
			shellScript = "\"${SRCROOT}/Pods/Target Support Files/Pods-FoodChain_iOS/Pods-FoodChain_iOS-frameworks.sh\"\n";
			showEnvVarsInLog = 0;
		};
/* End PBXShellScriptBuildPhase section */

/* Begin PBXSourcesBuildPhase section */
		52FBDECE20E8765F00AEEB1E /* Sources */ = {
			isa = PBXSourcesBuildPhase;
			buildActionMask = 2147483647;
			files = (
				52B5437A20F658F300C64E51 /* Southwest.swift in Sources */,
				523553F020F3438C00BA50DA /* UploadstoreEmptyTableViewCell.swift in Sources */,
				52755B7720F2DF08009453A7 /* SHhomeMenuTableViewCell.swift in Sources */,
				52634FF920F6049700C0673E /* SearchAdTableViewCell.swift in Sources */,
				522F55E220F0F7300004A8FE /* SHcategoryViewController.swift in Sources */,
				52B782AE20F16E9D00F1E51A /* SHcategoryCollectionViewCell.swift in Sources */,
				523EEE1A20F4877C00A87F9E /* SHtimesaleTableViewCell.swift in Sources */,
				52B5437420F658F300C64E51 /* Location.swift in Sources */,
				523EEE1820F45A3E00A87F9E /* MFregister2ViewController.swift in Sources */,
				52634FF520F6007900C0673E /* Juso.swift in Sources */,
				52634A8720EB4C090028A33E /* KakaoJoinViewController.swift in Sources */,
				52B5437820F658F300C64E51 /* GeoResults.swift in Sources */,
				52FBDEED20E87AC800AEEB1E /* Extension.swift in Sources */,
				52B5CC4A20F84BFC001E3339 /* Data.swift in Sources */,
				52755B7520F2D966009453A7 /* SHhomeMenuCollectionViewCell.swift in Sources */,
				528E324120EC7CDB0082D52C /* KakaoSelectUsertypeViewController.swift in Sources */,
				52B5CC4C20F84D14001E3339 /* Coupon.swift in Sources */,
				52FBDEF620E88B3C00AEEB1E /* StoreHomeViewController.swift in Sources */,
				52C6D03B20ECC9D00050A7C8 /* SHhomeViewController.swift in Sources */,
				523553EE20F33CA600BA50DA /* ExdateEmptyTableViewCell.swift in Sources */,
				523553F220F3789800BA50DA /* MFregisterViewController.swift in Sources */,
				52FBDF0720E895C600AEEB1E /* FavoriteViewController.swift in Sources */,
				528E324320EC7E090082D52C /* KakaoOwnerJoinViewController.swift in Sources */,
				52B5437720F658F300C64E51 /* Viewport.swift in Sources */,
				52634FF320F6007900C0673E /* Common.swift in Sources */,
				52634FE120F5C04E00C0673E /* JoinNM.swift in Sources */,
				5258A6B820F29372006C696B /* SHhomeDetailTableViewCell.swift in Sources */,
				528A517120F52FB300DB39FC /* SHmarketCollectionViewCell.swift in Sources */,
				52755B8020F2FC71009453A7 /* ExdateViewController.swift in Sources */,
				523EEE1C20F489B800A87F9E /* SHtimesaleViewController.swift in Sources */,
				52FBDF0920E8966F00AEEB1E /* FavoriteCollectionViewCell.swift in Sources */,
				525FCB8120EBAE9D0076C378 /* TermViewController.swift in Sources */,
				52755B7E20F2FC63009453A7 /* UploadstoreViewController.swift in Sources */,
				522F55DB20F0EA960004A8FE /* SHhomeDetailViewController.swift in Sources */,
				523553EC20F3314D00BA50DA /* UploadstoreTableViewCell.swift in Sources */,
				52B5437C20F6985700C64E51 /* LoginNM.swift in Sources */,
				523553EA20F3313D00BA50DA /* ExdateTableViewCell.swift in Sources */,
				528A516F20F52CF300DB39FC /* SHmarketTableViewCell.swift in Sources */,
				52634FF720F6047700C0673E /* SearchAdViewController.swift in Sources */,
				52FBDED820E8765F00AEEB1E /* LoginViewController.swift in Sources */,
				52C6D03F20ECF85B0050A7C8 /* SHmarketViewController.swift in Sources */,
				52B5437920F658F300C64E51 /* Address_components.swift in Sources */,
				52B5437520F658F300C64E51 /* Northeast.swift in Sources */,
				52B5437320F658F300C64E51 /* Geometry.swift in Sources */,
				52FBDEF420E8897800AEEB1E /* TabBarViewController.swift in Sources */,
				52996EE320EC266500F33A6D /* SelectUsertypeViewController.swift in Sources */,
				522A24F520EA646200D1C272 /* KakaoJoinModule.swift in Sources */,
				52634FE620F5C10300C0673E /* NetworkDelegate.swift in Sources */,
				52634A8420EB39D60028A33E /* JoinViewController.swift in Sources */,
				52B9E55F20F7EF2300EEA52B /* ChoiceNM.swift in Sources */,
				52B5789B20F0A9E8008D551F /* SHADTableViewCell.swift in Sources */,
				52996EE120EC1CAC00F33A6D /* OwnerJoinViewController.swift in Sources */,
				52FBDED620E8765F00AEEB1E /* AppDelegate.swift in Sources */,
				52634FF220F6007900C0673E /* SearchAddress.swift in Sources */,
				529893DC20F2553300191DA6 /* SHcategoryHeaderCollectionReusableView.swift in Sources */,
				52B5437620F658F300C64E51 /* Geocoding.swift in Sources */,
				528A517620F533DA00DB39FC /* DefaultTableViewCell.swift in Sources */,
				523553E820F3292900BA50DA /* MyRefrigeratorViewController.swift in Sources */,
				52CF7F9220EFA05700B3F13E /* SHhomeTableViewCell.swift in Sources */,
				52634FE820F5C2EC00C0673E /* Join.swift in Sources */,
				52634FEA20F5FA0300C0673E /* SearchAddressNM.swift in Sources */,
				52B9E56620F82E9500EEA52B /* LocateNM.swift in Sources */,
				52634FF420F6007900C0673E /* Results.swift in Sources */,
			);
			runOnlyForDeploymentPostprocessing = 0;
		};
/* End PBXSourcesBuildPhase section */

/* Begin PBXVariantGroup section */
		52FBDED920E8765F00AEEB1E /* Main.storyboard */ = {
			isa = PBXVariantGroup;
			children = (
				52FBDEDA20E8765F00AEEB1E /* Base */,
			);
			name = Main.storyboard;
			sourceTree = "<group>";
		};
		52FBDEDE20E8766000AEEB1E /* LaunchScreen.storyboard */ = {
			isa = PBXVariantGroup;
			children = (
				52FBDEDF20E8766000AEEB1E /* Base */,
			);
			name = LaunchScreen.storyboard;
			sourceTree = "<group>";
		};
/* End PBXVariantGroup section */

/* Begin XCBuildConfiguration section */
		52FBDEE220E8766000AEEB1E /* Debug */ = {
			isa = XCBuildConfiguration;
			buildSettings = {
				ALWAYS_SEARCH_USER_PATHS = NO;
				CLANG_ANALYZER_NONNULL = YES;
				CLANG_ANALYZER_NUMBER_OBJECT_CONVERSION = YES_AGGRESSIVE;
				CLANG_CXX_LANGUAGE_STANDARD = "gnu++14";
				CLANG_CXX_LIBRARY = "libc++";
				CLANG_ENABLE_MODULES = YES;
				CLANG_ENABLE_OBJC_ARC = YES;
				CLANG_ENABLE_OBJC_WEAK = YES;
				CLANG_WARN_BLOCK_CAPTURE_AUTORELEASING = YES;
				CLANG_WARN_BOOL_CONVERSION = YES;
				CLANG_WARN_COMMA = YES;
				CLANG_WARN_CONSTANT_CONVERSION = YES;
				CLANG_WARN_DEPRECATED_OBJC_IMPLEMENTATIONS = YES;
				CLANG_WARN_DIRECT_OBJC_ISA_USAGE = YES_ERROR;
				CLANG_WARN_DOCUMENTATION_COMMENTS = YES;
				CLANG_WARN_EMPTY_BODY = YES;
				CLANG_WARN_ENUM_CONVERSION = YES;
				CLANG_WARN_INFINITE_RECURSION = YES;
				CLANG_WARN_INT_CONVERSION = YES;
				CLANG_WARN_NON_LITERAL_NULL_CONVERSION = YES;
				CLANG_WARN_OBJC_IMPLICIT_RETAIN_SELF = YES;
				CLANG_WARN_OBJC_LITERAL_CONVERSION = YES;
				CLANG_WARN_OBJC_ROOT_CLASS = YES_ERROR;
				CLANG_WARN_RANGE_LOOP_ANALYSIS = YES;
				CLANG_WARN_STRICT_PROTOTYPES = YES;
				CLANG_WARN_SUSPICIOUS_MOVE = YES;
				CLANG_WARN_UNGUARDED_AVAILABILITY = YES_AGGRESSIVE;
				CLANG_WARN_UNREACHABLE_CODE = YES;
				CLANG_WARN__DUPLICATE_METHOD_MATCH = YES;
				CODE_SIGN_IDENTITY = "iPhone Developer";
				COPY_PHASE_STRIP = NO;
				DEBUG_INFORMATION_FORMAT = dwarf;
				ENABLE_STRICT_OBJC_MSGSEND = YES;
				ENABLE_TESTABILITY = YES;
				GCC_C_LANGUAGE_STANDARD = gnu11;
				GCC_DYNAMIC_NO_PIC = NO;
				GCC_NO_COMMON_BLOCKS = YES;
				GCC_OPTIMIZATION_LEVEL = 0;
				GCC_PREPROCESSOR_DEFINITIONS = (
					"DEBUG=1",
					"$(inherited)",
				);
				GCC_WARN_64_TO_32_BIT_CONVERSION = YES;
				GCC_WARN_ABOUT_RETURN_TYPE = YES_ERROR;
				GCC_WARN_UNDECLARED_SELECTOR = YES;
				GCC_WARN_UNINITIALIZED_AUTOS = YES_AGGRESSIVE;
				GCC_WARN_UNUSED_FUNCTION = YES;
				GCC_WARN_UNUSED_VARIABLE = YES;
				IPHONEOS_DEPLOYMENT_TARGET = 10.0;
				MTL_ENABLE_DEBUG_INFO = YES;
				ONLY_ACTIVE_ARCH = YES;
				SDKROOT = iphoneos;
				SWIFT_ACTIVE_COMPILATION_CONDITIONS = DEBUG;
				SWIFT_OPTIMIZATION_LEVEL = "-Onone";
			};
			name = Debug;
		};
		52FBDEE320E8766000AEEB1E /* Release */ = {
			isa = XCBuildConfiguration;
			buildSettings = {
				ALWAYS_SEARCH_USER_PATHS = NO;
				CLANG_ANALYZER_NONNULL = YES;
				CLANG_ANALYZER_NUMBER_OBJECT_CONVERSION = YES_AGGRESSIVE;
				CLANG_CXX_LANGUAGE_STANDARD = "gnu++14";
				CLANG_CXX_LIBRARY = "libc++";
				CLANG_ENABLE_MODULES = YES;
				CLANG_ENABLE_OBJC_ARC = YES;
				CLANG_ENABLE_OBJC_WEAK = YES;
				CLANG_WARN_BLOCK_CAPTURE_AUTORELEASING = YES;
				CLANG_WARN_BOOL_CONVERSION = YES;
				CLANG_WARN_COMMA = YES;
				CLANG_WARN_CONSTANT_CONVERSION = YES;
				CLANG_WARN_DEPRECATED_OBJC_IMPLEMENTATIONS = YES;
				CLANG_WARN_DIRECT_OBJC_ISA_USAGE = YES_ERROR;
				CLANG_WARN_DOCUMENTATION_COMMENTS = YES;
				CLANG_WARN_EMPTY_BODY = YES;
				CLANG_WARN_ENUM_CONVERSION = YES;
				CLANG_WARN_INFINITE_RECURSION = YES;
				CLANG_WARN_INT_CONVERSION = YES;
				CLANG_WARN_NON_LITERAL_NULL_CONVERSION = YES;
				CLANG_WARN_OBJC_IMPLICIT_RETAIN_SELF = YES;
				CLANG_WARN_OBJC_LITERAL_CONVERSION = YES;
				CLANG_WARN_OBJC_ROOT_CLASS = YES_ERROR;
				CLANG_WARN_RANGE_LOOP_ANALYSIS = YES;
				CLANG_WARN_STRICT_PROTOTYPES = YES;
				CLANG_WARN_SUSPICIOUS_MOVE = YES;
				CLANG_WARN_UNGUARDED_AVAILABILITY = YES_AGGRESSIVE;
				CLANG_WARN_UNREACHABLE_CODE = YES;
				CLANG_WARN__DUPLICATE_METHOD_MATCH = YES;
				CODE_SIGN_IDENTITY = "iPhone Developer";
				COPY_PHASE_STRIP = NO;
				DEBUG_INFORMATION_FORMAT = "dwarf-with-dsym";
				ENABLE_NS_ASSERTIONS = NO;
				ENABLE_STRICT_OBJC_MSGSEND = YES;
				GCC_C_LANGUAGE_STANDARD = gnu11;
				GCC_NO_COMMON_BLOCKS = YES;
				GCC_WARN_64_TO_32_BIT_CONVERSION = YES;
				GCC_WARN_ABOUT_RETURN_TYPE = YES_ERROR;
				GCC_WARN_UNDECLARED_SELECTOR = YES;
				GCC_WARN_UNINITIALIZED_AUTOS = YES_AGGRESSIVE;
				GCC_WARN_UNUSED_FUNCTION = YES;
				GCC_WARN_UNUSED_VARIABLE = YES;
				IPHONEOS_DEPLOYMENT_TARGET = 10.0;
				MTL_ENABLE_DEBUG_INFO = NO;
				SDKROOT = iphoneos;
				SWIFT_COMPILATION_MODE = wholemodule;
				SWIFT_OPTIMIZATION_LEVEL = "-O";
				VALIDATE_PRODUCT = YES;
			};
			name = Release;
		};
		52FBDEE520E8766000AEEB1E /* Debug */ = {
			isa = XCBuildConfiguration;
			baseConfigurationReference = ED428845C85BA963E48CB7E7 /* Pods-FoodChain_iOS.debug.xcconfig */;
			buildSettings = {
				ASSETCATALOG_COMPILER_APPICON_NAME = AppIcon;
				CLANG_ENABLE_MODULES = YES;
				CODE_SIGN_STYLE = Automatic;
				DEVELOPMENT_TEAM = KB65UR5HX8;
				FRAMEWORK_SEARCH_PATHS = (
					"$(inherited)",
					"$(PROJECT_DIR)/FoodChain_iOS",
					"$(PROJECT_DIR)",
				);
				INFOPLIST_FILE = "$(SRCROOT)/FoodChain_iOS/Support/Info.plist";
				LD_RUNPATH_SEARCH_PATHS = (
					"$(inherited)",
					"@executable_path/Frameworks",
				);
				OTHER_LDFLAGS = (
					"$(inherited)",
					"-ObjC",
					"-l\"c++\"",
					"-l\"z\"",
					"-framework",
					"\"Accelerate\"",
					"-framework",
					"\"Alamofire\"",
					"-framework",
					"\"AlamofireObjectMapper\"",
					"-framework",
					"\"CoreData\"",
					"-framework",
					"\"CoreGraphics\"",
					"-framework",
					"\"CoreImage\"",
					"-framework",
					"\"CoreLocation\"",
					"-framework",
					"\"CoreTelephony\"",
					"-framework",
					"\"CoreText\"",
					"-framework",
					"\"GLKit\"",
					"-framework",
					"\"GoogleMaps\"",
					"-framework",
					"\"GoogleMapsBase\"",
					"-framework",
					"\"GoogleMapsCore\"",
					"-framework",
					"\"GooglePlaces\"",
					"-framework",
					"\"ImageIO\"",
					"-framework",
					"\"Kingfisher\"",
					"-framework",
					"\"NVActivityIndicatorView\"",
					"-framework",
					"\"ObjectMapper\"",
					"-framework",
					"\"OpenGLES\"",
					"-framework",
					"\"QuartzCore\"",
					"-framework",
					"\"Realm\"",
					"-framework",
					"\"RealmSwift\"",
					"-framework",
					"\"SwiftyJSON\"",
					"-framework",
					"\"SystemConfiguration\"",
					"-framework",
					"\"Toast_Swift\"",
					"-framework",
					"\"UIKit\"",
					"-all_load",
				);
				PRODUCT_BUNDLE_IDENTIFIER = "com.TeamFoodChain.FoodChain-iOS";
				PRODUCT_NAME = "$(TARGET_NAME)";
				SWIFT_OBJC_BRIDGING_HEADER = "./FoodChain_iOS/KakaoOpenSDK-Bridging-Header.h";
				SWIFT_OPTIMIZATION_LEVEL = "-Onone";
				SWIFT_VERSION = 4.0;
				TARGETED_DEVICE_FAMILY = "1,2";
			};
			name = Debug;
		};
		52FBDEE620E8766000AEEB1E /* Release */ = {
			isa = XCBuildConfiguration;
			baseConfigurationReference = 846693E43FBC91C6B9C78C4C /* Pods-FoodChain_iOS.release.xcconfig */;
			buildSettings = {
				ASSETCATALOG_COMPILER_APPICON_NAME = AppIcon;
				CLANG_ENABLE_MODULES = YES;
				CODE_SIGN_STYLE = Automatic;
				DEVELOPMENT_TEAM = KB65UR5HX8;
				FRAMEWORK_SEARCH_PATHS = (
					"$(inherited)",
					"$(PROJECT_DIR)/FoodChain_iOS",
					"$(PROJECT_DIR)",
				);
				INFOPLIST_FILE = "$(SRCROOT)/FoodChain_iOS/Support/Info.plist";
				LD_RUNPATH_SEARCH_PATHS = (
					"$(inherited)",
					"@executable_path/Frameworks",
				);
				OTHER_LDFLAGS = (
					"$(inherited)",
					"-ObjC",
					"-l\"c++\"",
					"-l\"z\"",
					"-framework",
					"\"Accelerate\"",
					"-framework",
					"\"Alamofire\"",
					"-framework",
					"\"AlamofireObjectMapper\"",
					"-framework",
					"\"CoreData\"",
					"-framework",
					"\"CoreGraphics\"",
					"-framework",
					"\"CoreImage\"",
					"-framework",
					"\"CoreLocation\"",
					"-framework",
					"\"CoreTelephony\"",
					"-framework",
					"\"CoreText\"",
					"-framework",
					"\"GLKit\"",
					"-framework",
					"\"GoogleMaps\"",
					"-framework",
					"\"GoogleMapsBase\"",
					"-framework",
					"\"GoogleMapsCore\"",
					"-framework",
					"\"GooglePlaces\"",
					"-framework",
					"\"ImageIO\"",
					"-framework",
					"\"Kingfisher\"",
					"-framework",
					"\"NVActivityIndicatorView\"",
					"-framework",
					"\"ObjectMapper\"",
					"-framework",
					"\"OpenGLES\"",
					"-framework",
					"\"QuartzCore\"",
					"-framework",
					"\"Realm\"",
					"-framework",
					"\"RealmSwift\"",
					"-framework",
					"\"SwiftyJSON\"",
					"-framework",
					"\"SystemConfiguration\"",
					"-framework",
					"\"Toast_Swift\"",
					"-framework",
					"\"UIKit\"",
					"-all_load",
				);
				PRODUCT_BUNDLE_IDENTIFIER = "com.TeamFoodChain.FoodChain-iOS";
				PRODUCT_NAME = "$(TARGET_NAME)";
				SWIFT_OBJC_BRIDGING_HEADER = "./FoodChain_iOS/KakaoOpenSDK-Bridging-Header.h";
				SWIFT_VERSION = 4.0;
				TARGETED_DEVICE_FAMILY = "1,2";
			};
			name = Release;
		};
/* End XCBuildConfiguration section */

/* Begin XCConfigurationList section */
		52FBDECD20E8765F00AEEB1E /* Build configuration list for PBXProject "FoodChain_iOS" */ = {
			isa = XCConfigurationList;
			buildConfigurations = (
				52FBDEE220E8766000AEEB1E /* Debug */,
				52FBDEE320E8766000AEEB1E /* Release */,
			);
			defaultConfigurationIsVisible = 0;
			defaultConfigurationName = Release;
		};
		52FBDEE420E8766000AEEB1E /* Build configuration list for PBXNativeTarget "FoodChain_iOS" */ = {
			isa = XCConfigurationList;
			buildConfigurations = (
				52FBDEE520E8766000AEEB1E /* Debug */,
				52FBDEE620E8766000AEEB1E /* Release */,
			);
			defaultConfigurationIsVisible = 0;
			defaultConfigurationName = Release;
		};
/* End XCConfigurationList section */
	};
	rootObject = 52FBDECA20E8765F00AEEB1E /* Project object */;
}
